
Microsoft Visual Studio Solution File, Format Version 12.00
# Visual Studio Version 17
VisualStudioVersion = 17.7.34024.191
MinimumVisualStudioVersion = 10.0.40219.1
Project("{2150E333-8FDC-42A3-9474-1A3956D46DE8}") = "Variables", "Variables", "{7775FC7E-BBCE-46AE-AF9A-E5582DE1DDC7}"
EndProject
Project("{2150E333-8FDC-42A3-9474-1A3956D46DE8}") = "Array", "Array", "{7E1DE672-CF23-45DE-9DDE-87805C5782F3}"
EndProject
Project("{8BC9CEB8-8B4A-11D0-8D11-00A0C91BC942}") = "ArrayTutorial0", "ArrayTutorial0\ArrayTutorial0.vcxproj", "{B67177FF-68E2-454A-8E73-AAA942B5B1D2}"
EndProject
Project("{2150E333-8FDC-42A3-9474-1A3956D46DE8}") = "functions", "functions", "{342215E6-96B9-4ACD-AF70-49F29FBED070}"
EndProject
Project("{8BC9CEB8-8B4A-11D0-8D11-00A0C91BC942}") = "GSFunction0", "GSFunction0\GSFunction0.vcxproj", "{75491F2A-AC17-4DB8-ACD2-71B98C2D190B}"
EndProject
Project("{8BC9CEB8-8B4A-11D0-8D11-00A0C91BC942}") = "GSFunction1", "GSFunction1\GSFunction1.vcxproj", "{F4A2F7AC-C69D-4977-8F39-390F536D2E41}"
EndProject
Project("{8BC9CEB8-8B4A-11D0-8D11-00A0C91BC942}") = "GSFunction2", "GSFunction2\GSFunction2.vcxproj", "{642EE881-ADB9-40C5-8744-27AF05F8A1DC}"
EndProject
Project("{8BC9CEB8-8B4A-11D0-8D11-00A0C91BC942}") = "GSFunction3", "GSFunction3\GSFunction3.vcxproj", "{9B395E8C-3B8C-4B7D-A9D4-9A4B7FA70D6C}"
EndProject
Project("{2150E333-8FDC-42A3-9474-1A3956D46DE8}") = "if", "if", "{09274BE8-B3C6-4FE0-9E8C-944AA18786C1}"
EndProject
Project("{8BC9CEB8-8B4A-11D0-8D11-00A0C91BC942}") = "GSIf0", "GSIf0\GSIf0.vcxproj", "{CAD82D94-D53F-4A35-94BA-A38A09ABFFA5}"
EndProject
Project("{2150E333-8FDC-42A3-9474-1A3956D46DE8}") = "for", "for", "{F352DA9F-92A6-4B3C-8E54-8C571B16DAF2}"
EndProject
Project("{8BC9CEB8-8B4A-11D0-8D11-00A0C91BC942}") = "GSFor0", "GSFor0\GSFor0.vcxproj", "{A79413A0-1851-4D37-82E9-684020102AD8}"
EndProject
Project("{8BC9CEB8-8B4A-11D0-8D11-00A0C91BC942}") = "GSFunction4", "GSFunction4\GSFunction4.vcxproj", "{04A2684E-5F67-41E6-8EBF-4CAAF822D409}"
EndProject
Project("{2150E333-8FDC-42A3-9474-1A3956D46DE8}") = "Applications", "Applications", "{798BBCA6-83B8-4FAA-A569-CB3F5B728F4C}"
EndProject
Project("{8BC9CEB8-8B4A-11D0-8D11-00A0C91BC942}") = "GuesNumber", "GuesNumber\GuesNumber.vcxproj", "{7C4113DC-534A-4F19-8BA1-09DF31A2EEA1}"
EndProject
Project("{8BC9CEB8-8B4A-11D0-8D11-00A0C91BC942}") = "Calc", "calc\calc.vcxproj", "{ED48167F-6460-4D96-A020-539707A244D6}"
EndProject
Project("{8BC9CEB8-8B4A-11D0-8D11-00A0C91BC942}") = "MainMenu", "MainMenu\MainMenu.vcxproj", "{8DC488A8-8902-4CC0-8D8F-FFDA014144BB}"
EndProject
Project("{2150E333-8FDC-42A3-9474-1A3956D46DE8}") = "Class", "Class", "{EF3CEA97-26D6-4827-9BBB-4506905729FE}"
EndProject
Project("{8BC9CEB8-8B4A-11D0-8D11-00A0C91BC942}") = "TestTime", "TestTime\TestTime.vcxproj", "{9AFC8BE9-F1B6-4E5F-AB04-F15BC9D2822A}"
EndProject
Global
	GlobalSection(SolutionConfigurationPlatforms) = preSolution
		Debug|x64 = Debug|x64
		Debug|x86 = Debug|x86
		Release|x64 = Release|x64
		Release|x86 = Release|x86
	EndGlobalSection
	GlobalSection(ProjectConfigurationPlatforms) = postSolution
		{B67177FF-68E2-454A-8E73-AAA942B5B1D2}.Debug|x64.ActiveCfg = Debug|x64
		{B67177FF-68E2-454A-8E73-AAA942B5B1D2}.Debug|x64.Build.0 = Debug|x64
		{B67177FF-68E2-454A-8E73-AAA942B5B1D2}.Debug|x86.ActiveCfg = Debug|Win32
		{B67177FF-68E2-454A-8E73-AAA942B5B1D2}.Debug|x86.Build.0 = Debug|Win32
		{B67177FF-68E2-454A-8E73-AAA942B5B1D2}.Release|x64.ActiveCfg = Release|x64
		{B67177FF-68E2-454A-8E73-AAA942B5B1D2}.Release|x64.Build.0 = Release|x64
		{B67177FF-68E2-454A-8E73-AAA942B5B1D2}.Release|x86.ActiveCfg = Release|Win32
		{B67177FF-68E2-454A-8E73-AAA942B5B1D2}.Release|x86.Build.0 = Release|Win32
		{75491F2A-AC17-4DB8-ACD2-71B98C2D190B}.Debug|x64.ActiveCfg = Debug|x64
		{75491F2A-AC17-4DB8-ACD2-71B98C2D190B}.Debug|x64.Build.0 = Debug|x64
		{75491F2A-AC17-4DB8-ACD2-71B98C2D190B}.Debug|x86.ActiveCfg = Debug|Win32
		{75491F2A-AC17-4DB8-ACD2-71B98C2D190B}.Debug|x86.Build.0 = Debug|Win32
		{75491F2A-AC17-4DB8-ACD2-71B98C2D190B}.Release|x64.ActiveCfg = Release|x64
		{75491F2A-AC17-4DB8-ACD2-71B98C2D190B}.Release|x64.Build.0 = Release|x64
		{75491F2A-AC17-4DB8-ACD2-71B98C2D190B}.Release|x86.ActiveCfg = Release|Win32
		{75491F2A-AC17-4DB8-ACD2-71B98C2D190B}.Release|x86.Build.0 = Release|Win32
		{F4A2F7AC-C69D-4977-8F39-390F536D2E41}.Debug|x64.ActiveCfg = Debug|x64
		{F4A2F7AC-C69D-4977-8F39-390F536D2E41}.Debug|x64.Build.0 = Debug|x64
		{F4A2F7AC-C69D-4977-8F39-390F536D2E41}.Debug|x86.ActiveCfg = Debug|Win32
		{F4A2F7AC-C69D-4977-8F39-390F536D2E41}.Debug|x86.Build.0 = Debug|Win32
		{F4A2F7AC-C69D-4977-8F39-390F536D2E41}.Release|x64.ActiveCfg = Release|x64
		{F4A2F7AC-C69D-4977-8F39-390F536D2E41}.Release|x64.Build.0 = Release|x64
		{F4A2F7AC-C69D-4977-8F39-390F536D2E41}.Release|x86.ActiveCfg = Release|Win32
		{F4A2F7AC-C69D-4977-8F39-390F536D2E41}.Release|x86.Build.0 = Release|Win32
		{642EE881-ADB9-40C5-8744-27AF05F8A1DC}.Debug|x64.ActiveCfg = Debug|x64
		{642EE881-ADB9-40C5-8744-27AF05F8A1DC}.Debug|x64.Build.0 = Debug|x64
		{642EE881-ADB9-40C5-8744-27AF05F8A1DC}.Debug|x86.ActiveCfg = Debug|Win32
		{642EE881-ADB9-40C5-8744-27AF05F8A1DC}.Debug|x86.Build.0 = Debug|Win32
		{642EE881-ADB9-40C5-8744-27AF05F8A1DC}.Release|x64.ActiveCfg = Release|x64
		{642EE881-ADB9-40C5-8744-27AF05F8A1DC}.Release|x64.Build.0 = Release|x64
		{642EE881-ADB9-40C5-8744-27AF05F8A1DC}.Release|x86.ActiveCfg = Release|Win32
		{642EE881-ADB9-40C5-8744-27AF05F8A1DC}.Release|x86.Build.0 = Release|Win32
		{9B395E8C-3B8C-4B7D-A9D4-9A4B7FA70D6C}.Debug|x64.ActiveCfg = Debug|x64
		{9B395E8C-3B8C-4B7D-A9D4-9A4B7FA70D6C}.Debug|x64.Build.0 = Debug|x64
		{9B395E8C-3B8C-4B7D-A9D4-9A4B7FA70D6C}.Debug|x86.ActiveCfg = Debug|Win32
		{9B395E8C-3B8C-4B7D-A9D4-9A4B7FA70D6C}.Debug|x86.Build.0 = Debug|Win32
		{9B395E8C-3B8C-4B7D-A9D4-9A4B7FA70D6C}.Release|x64.ActiveCfg = Release|x64
		{9B395E8C-3B8C-4B7D-A9D4-9A4B7FA70D6C}.Release|x64.Build.0 = Release|x64
		{9B395E8C-3B8C-4B7D-A9D4-9A4B7FA70D6C}.Release|x86.ActiveCfg = Release|Win32
		{9B395E8C-3B8C-4B7D-A9D4-9A4B7FA70D6C}.Release|x86.Build.0 = Release|Win32
		{CAD82D94-D53F-4A35-94BA-A38A09ABFFA5}.Debug|x64.ActiveCfg = Debug|x64
		{CAD82D94-D53F-4A35-94BA-A38A09ABFFA5}.Debug|x64.Build.0 = Debug|x64
		{CAD82D94-D53F-4A35-94BA-A38A09ABFFA5}.Debug|x86.ActiveCfg = Debug|Win32
		{CAD82D94-D53F-4A35-94BA-A38A09ABFFA5}.Debug|x86.Build.0 = Debug|Win32
		{CAD82D94-D53F-4A35-94BA-A38A09ABFFA5}.Release|x64.ActiveCfg = Release|x64
		{CAD82D94-D53F-4A35-94BA-A38A09ABFFA5}.Release|x64.Build.0 = Release|x64
		{CAD82D94-D53F-4A35-94BA-A38A09ABFFA5}.Release|x86.ActiveCfg = Release|Win32
		{CAD82D94-D53F-4A35-94BA-A38A09ABFFA5}.Release|x86.Build.0 = Release|Win32
		{A79413A0-1851-4D37-82E9-684020102AD8}.Debug|x64.ActiveCfg = Debug|x64
		{A79413A0-1851-4D37-82E9-684020102AD8}.Debug|x64.Build.0 = Debug|x64
		{A79413A0-1851-4D37-82E9-684020102AD8}.Debug|x86.ActiveCfg = Debug|Win32
		{A79413A0-1851-4D37-82E9-684020102AD8}.Debug|x86.Build.0 = Debug|Win32
		{A79413A0-1851-4D37-82E9-684020102AD8}.Release|x64.ActiveCfg = Release|x64
		{A79413A0-1851-4D37-82E9-684020102AD8}.Release|x64.Build.0 = Release|x64
		{A79413A0-1851-4D37-82E9-684020102AD8}.Release|x86.ActiveCfg = Release|Win32
		{A79413A0-1851-4D37-82E9-684020102AD8}.Release|x86.Build.0 = Release|Win32
		{04A2684E-5F67-41E6-8EBF-4CAAF822D409}.Debug|x64.ActiveCfg = Debug|x64
		{04A2684E-5F67-41E6-8EBF-4CAAF822D409}.Debug|x64.Build.0 = Debug|x64
		{04A2684E-5F67-41E6-8EBF-4CAAF822D409}.Debug|x86.ActiveCfg = Debug|Win32
		{04A2684E-5F67-41E6-8EBF-4CAAF822D409}.Debug|x86.Build.0 = Debug|Win32
		{04A2684E-5F67-41E6-8EBF-4CAAF822D409}.Release|x64.ActiveCfg = Release|x64
		{04A2684E-5F67-41E6-8EBF-4CAAF822D409}.Release|x64.Build.0 = Release|x64
		{04A2684E-5F67-41E6-8EBF-4CAAF822D409}.Release|x86.ActiveCfg = Release|Win32
		{04A2684E-5F67-41E6-8EBF-4CAAF822D409}.Release|x86.Build.0 = Release|Win32
		{7C4113DC-534A-4F19-8BA1-09DF31A2EEA1}.Debug|x64.ActiveCfg = Debug|x64
		{7C4113DC-534A-4F19-8BA1-09DF31A2EEA1}.Debug|x64.Build.0 = Debug|x64
		{7C4113DC-534A-4F19-8BA1-09DF31A2EEA1}.Debug|x86.ActiveCfg = Debug|Win32
		{7C4113DC-534A-4F19-8BA1-09DF31A2EEA1}.Debug|x86.Build.0 = Debug|Win32
		{7C4113DC-534A-4F19-8BA1-09DF31A2EEA1}.Release|x64.ActiveCfg = Release|x64
		{7C4113DC-534A-4F19-8BA1-09DF31A2EEA1}.Release|x64.Build.0 = Release|x64
		{7C4113DC-534A-4F19-8BA1-09DF31A2EEA1}.Release|x86.ActiveCfg = Release|Win32
		{7C4113DC-534A-4F19-8BA1-09DF31A2EEA1}.Release|x86.Build.0 = Release|Win32
		{ED48167F-6460-4D96-A020-539707A244D6}.Debug|x64.ActiveCfg = Debug|x64
		{ED48167F-6460-4D96-A020-539707A244D6}.Debug|x64.Build.0 = Debug|x64
		{ED48167F-6460-4D96-A020-539707A244D6}.Debug|x86.ActiveCfg = Debug|Win32
		{ED48167F-6460-4D96-A020-539707A244D6}.Debug|x86.Build.0 = Debug|Win32
		{ED48167F-6460-4D96-A020-539707A244D6}.Release|x64.ActiveCfg = Release|x64
		{ED48167F-6460-4D96-A020-539707A244D6}.Release|x64.Build.0 = Release|x64
		{ED48167F-6460-4D96-A020-539707A244D6}.Release|x86.ActiveCfg = Release|Win32
		{ED48167F-6460-4D96-A020-539707A244D6}.Release|x86.Build.0 = Release|Win32
		{8DC488A8-8902-4CC0-8D8F-FFDA014144BB}.Debug|x64.ActiveCfg = Debug|x64
		{8DC488A8-8902-4CC0-8D8F-FFDA014144BB}.Debug|x64.Build.0 = Debug|x64
		{8DC488A8-8902-4CC0-8D8F-FFDA014144BB}.Debug|x86.ActiveCfg = Debug|Win32
		{8DC488A8-8902-4CC0-8D8F-FFDA014144BB}.Debug|x86.Build.0 = Debug|Win32
		{8DC488A8-8902-4CC0-8D8F-FFDA014144BB}.Release|x64.ActiveCfg = Release|x64
		{8DC488A8-8902-4CC0-8D8F-FFDA014144BB}.Release|x64.Build.0 = Release|x64
		{8DC488A8-8902-4CC0-8D8F-FFDA014144BB}.Release|x86.ActiveCfg = Release|Win32
		{8DC488A8-8902-4CC0-8D8F-FFDA014144BB}.Release|x86.Build.0 = Release|Win32
		{9AFC8BE9-F1B6-4E5F-AB04-F15BC9D2822A}.Debug|x64.ActiveCfg = Debug|x64
		{9AFC8BE9-F1B6-4E5F-AB04-F15BC9D2822A}.Debug|x64.Build.0 = Debug|x64
		{9AFC8BE9-F1B6-4E5F-AB04-F15BC9D2822A}.Debug|x86.ActiveCfg = Debug|Win32
		{9AFC8BE9-F1B6-4E5F-AB04-F15BC9D2822A}.Debug|x86.Build.0 = Debug|Win32
		{9AFC8BE9-F1B6-4E5F-AB04-F15BC9D2822A}.Release|x64.ActiveCfg = Release|x64
		{9AFC8BE9-F1B6-4E5F-AB04-F15BC9D2822A}.Release|x64.Build.0 = Release|x64
		{9AFC8BE9-F1B6-4E5F-AB04-F15BC9D2822A}.Release|x86.ActiveCfg = Release|Win32
		{9AFC8BE9-F1B6-4E5F-AB04-F15BC9D2822A}.Release|x86.Build.0 = Release|Win32
	EndGlobalSection
	GlobalSection(SolutionProperties) = preSolution
		HideSolutionNode = FALSE
	EndGlobalSection
	GlobalSection(NestedProjects) = preSolution
		{B67177FF-68E2-454A-8E73-AAA942B5B1D2} = {7E1DE672-CF23-45DE-9DDE-87805C5782F3}
		{75491F2A-AC17-4DB8-ACD2-71B98C2D190B} = {342215E6-96B9-4ACD-AF70-49F29FBED070}
		{F4A2F7AC-C69D-4977-8F39-390F536D2E41} = {342215E6-96B9-4ACD-AF70-49F29FBED070}
		{642EE881-ADB9-40C5-8744-27AF05F8A1DC} = {342215E6-96B9-4ACD-AF70-49F29FBED070}
		{9B395E8C-3B8C-4B7D-A9D4-9A4B7FA70D6C} = {342215E6-96B9-4ACD-AF70-49F29FBED070}
		{CAD82D94-D53F-4A35-94BA-A38A09ABFFA5} = {09274BE8-B3C6-4FE0-9E8C-944AA18786C1}
		{A79413A0-1851-4D37-82E9-684020102AD8} = {F352DA9F-92A6-4B3C-8E54-8C571B16DAF2}
		{04A2684E-5F67-41E6-8EBF-4CAAF822D409} = {342215E6-96B9-4ACD-AF70-49F29FBED070}
		{7C4113DC-534A-4F19-8BA1-09DF31A2EEA1} = {798BBCA6-83B8-4FAA-A569-CB3F5B728F4C}
		{ED48167F-6460-4D96-A020-539707A244D6} = {798BBCA6-83B8-4FAA-A569-CB3F5B728F4C}
		{9AFC8BE9-F1B6-4E5F-AB04-F15BC9D2822A} = {EF3CEA97-26D6-4827-9BBB-4506905729FE}
	EndGlobalSection
	GlobalSection(ExtensibilityGlobals) = postSolution
		SolutionGuid = {E58D53EA-0D56-4342-92EA-0564481B1F93}
	EndGlobalSection
EndGlobal
